lockVersion: 2.0.0
id: 669946d0-c345-47d0-a8fa-ebacc88e99bc
management:
  docChecksum: 5fa7e0c88f526d37d5ff49917d1c5693
  docVersion: v2023.10.0
  speakeasyVersion: 1.213.0
  generationVersion: 2.283.1
  releaseVersion: 0.4.0
  configChecksum: 94e32e59f37a1b096b1d666fb62ce1b6
  repoURL: https://github.com/speakeasy-sdks/risk-ts.git
  repoSubDirectory: .
  installationURL: https://github.com/speakeasy-sdks/risk-ts
features:
  typescript:
    core: 3.4.8
    globalSecurity: 2.82.5
    globalServerURLs: 2.82.2
    nameOverrides: 2.81.1
generatedFiles:
  - src/sdk/authentication.ts
  - src/sdk/application.ts
  - src/sdk/field.ts
  - src/sdk/record.ts
  - src/sdk/step.ts
  - src/sdk/workflowmap.ts
  - src/sdk/workflow.ts
  - src/sdk/sdk.ts
  - .eslintrc.yml
  - jest.config.js
  - package-lock.json
  - package.json
  - src/index.ts
  - src/internal/utils/contenttype.ts
  - src/internal/utils/headers.ts
  - src/internal/utils/index.ts
  - src/internal/utils/pathparams.ts
  - src/internal/utils/queryparams.ts
  - src/internal/utils/requestbody.ts
  - src/internal/utils/retries.ts
  - src/internal/utils/security.ts
  - src/internal/utils/utils.ts
  - src/sdk/index.ts
  - src/sdk/models/errors/sdkerror.ts
  - src/sdk/types/index.ts
  - src/sdk/types/rfcdate.ts
  - tsconfig.json
  - src/sdk/models/operations/getapitoken.ts
  - src/sdk/models/operations/createapplication.ts
  - src/sdk/models/operations/deleteapplication.ts
  - src/sdk/models/operations/readapplication.ts
  - src/sdk/models/operations/readallapplications.ts
  - src/sdk/models/operations/update1.ts
  - src/sdk/models/operations/readallfields.ts
  - src/sdk/models/operations/readallrecords.ts
  - src/sdk/models/operations/createstep.ts
  - src/sdk/models/operations/deletestep.ts
  - src/sdk/models/operations/readstep.ts
  - src/sdk/models/operations/readallsteps.ts
  - src/sdk/models/operations/update.ts
  - src/sdk/models/operations/createworkflowmap.ts
  - src/sdk/models/operations/deleteworkflowmap.ts
  - src/sdk/models/operations/readworkflowmap.ts
  - src/sdk/models/operations/readallworkflowmaps.ts
  - src/sdk/models/operations/updateworkflowmap.ts
  - src/sdk/models/operations/createworkflow.ts
  - src/sdk/models/operations/deleteworkflow.ts
  - src/sdk/models/operations/readworkflow.ts
  - src/sdk/models/operations/readallworkflows.ts
  - src/sdk/models/operations/updateworkflow.ts
  - src/sdk/models/shared/legacyapitokenout.ts
  - src/sdk/models/shared/applicationapiout.ts
  - src/sdk/models/shared/applicationapicreatein.ts
  - src/sdk/models/shared/appactionresponse.ts
  - src/sdk/models/shared/pagemodeloutapplicationapiout.ts
  - src/sdk/models/shared/pageinfoout.ts
  - src/sdk/models/shared/pagelinksout.ts
  - src/sdk/models/shared/applicationapiupdatein.ts
  - src/sdk/models/shared/pagemodeloutfieldapiout.ts
  - src/sdk/models/shared/fieldapiout.ts
  - src/sdk/models/shared/workflowpropertyapiout.ts
  - src/sdk/models/shared/valuepropertyapiout.ts
  - src/sdk/models/shared/applicationpropertyapiout.ts
  - src/sdk/models/shared/pagemodeloutrecordapiout.ts
  - src/sdk/models/shared/recordapiout.ts
  - src/sdk/models/shared/steppropertyapiout.ts
  - src/sdk/models/shared/fieldrecordapiout.ts
  - src/sdk/models/shared/recorddatesapiout.ts
  - src/sdk/models/shared/userpropertyapiout.ts
  - src/sdk/models/shared/stepapiout.ts
  - src/sdk/models/shared/stepapicreatein.ts
  - src/sdk/models/shared/pagemodeloutstepapiout.ts
  - src/sdk/models/shared/stepapiupdatein.ts
  - src/sdk/models/shared/workflowmapapiout.ts
  - src/sdk/models/shared/workflowmapapicreatein.ts
  - src/sdk/models/shared/pagemodeloutworkflowmapapiout.ts
  - src/sdk/models/shared/workflowmapapiupdatein.ts
  - src/sdk/models/shared/workflowapiout.ts
  - src/sdk/models/shared/workflowapicreatein.ts
  - src/sdk/models/shared/pagemodeloutworkflowapiout.ts
  - src/sdk/models/shared/workflowapiupdatein.ts
  - src/sdk/models/shared/security.ts
  - src/sdk/models/shared/schemebasic.ts
  - src/sdk/models/errors/index.ts
  - src/sdk/models/operations/index.ts
  - src/sdk/models/shared/index.ts
  - docs/sdk/models/operations/getapitokenrequest.md
  - docs/sdk/models/operations/getapitokenresponse.md
  - docs/sdk/models/operations/createapplicationrequest.md
  - docs/sdk/models/operations/createapplicationresponse.md
  - docs/sdk/models/operations/deleteapplicationrequest.md
  - docs/sdk/models/operations/deleteapplicationresponse.md
  - docs/sdk/models/operations/readapplicationrequest.md
  - docs/sdk/models/operations/readapplicationresponse.md
  - docs/sdk/models/operations/readallapplicationsrequest.md
  - docs/sdk/models/operations/readallapplicationsresponse.md
  - docs/sdk/models/operations/update1request.md
  - docs/sdk/models/operations/update1response.md
  - docs/sdk/models/operations/fieldtypefilter.md
  - docs/sdk/models/operations/readallfieldsrequest.md
  - docs/sdk/models/operations/readallfieldsresponse.md
  - docs/sdk/models/operations/readallrecordsrequest.md
  - docs/sdk/models/operations/readallrecordsresponse.md
  - docs/sdk/models/operations/createsteprequest.md
  - docs/sdk/models/operations/createstepresponse.md
  - docs/sdk/models/operations/deletesteprequest.md
  - docs/sdk/models/operations/deletestepresponse.md
  - docs/sdk/models/operations/readsteprequest.md
  - docs/sdk/models/operations/readstepresponse.md
  - docs/sdk/models/operations/readallstepsrequest.md
  - docs/sdk/models/operations/readallstepsresponse.md
  - docs/sdk/models/operations/updaterequest.md
  - docs/sdk/models/operations/updateresponse.md
  - docs/sdk/models/operations/createworkflowmaprequest.md
  - docs/sdk/models/operations/createworkflowmapresponse.md
  - docs/sdk/models/operations/deleteworkflowmaprequest.md
  - docs/sdk/models/operations/deleteworkflowmapresponse.md
  - docs/sdk/models/operations/readworkflowmaprequest.md
  - docs/sdk/models/operations/readworkflowmapresponse.md
  - docs/sdk/models/operations/readallworkflowmapsrequest.md
  - docs/sdk/models/operations/readallworkflowmapsresponse.md
  - docs/sdk/models/operations/updateworkflowmaprequest.md
  - docs/sdk/models/operations/updateworkflowmapresponse.md
  - docs/sdk/models/operations/createworkflowrequest.md
  - docs/sdk/models/operations/createworkflowresponse.md
  - docs/sdk/models/operations/deleteworkflowrequest.md
  - docs/sdk/models/operations/deleteworkflowresponse.md
  - docs/sdk/models/operations/readworkflowrequest.md
  - docs/sdk/models/operations/readworkflowresponse.md
  - docs/sdk/models/operations/readallworkflowsrequest.md
  - docs/sdk/models/operations/readallworkflowsresponse.md
  - docs/sdk/models/operations/updateworkflowrequest.md
  - docs/sdk/models/operations/updateworkflowresponse.md
  - docs/sdk/models/shared/legacyapitokenout.md
  - docs/sdk/models/shared/applicationapiouticon.md
  - docs/sdk/models/shared/applicationapiouttype.md
  - docs/sdk/models/shared/applicationapiout.md
  - docs/sdk/models/shared/icon.md
  - docs/sdk/models/shared/typet.md
  - docs/sdk/models/shared/applicationapicreatein.md
  - docs/sdk/models/shared/appactionresponse.md
  - docs/sdk/models/shared/pagemodeloutapplicationapiout.md
  - docs/sdk/models/shared/pageinfoout.md
  - docs/sdk/models/shared/pagelinksout.md
  - docs/sdk/models/shared/applicationapiupdateinicon.md
  - docs/sdk/models/shared/applicationapiupdateintype.md
  - docs/sdk/models/shared/applicationapiupdatein.md
  - docs/sdk/models/shared/pagemodeloutfieldapiout.md
  - docs/sdk/models/shared/fieldtype.md
  - docs/sdk/models/shared/valuetype.md
  - docs/sdk/models/shared/fieldapiout.md
  - docs/sdk/models/shared/workflowpropertyapiout.md
  - docs/sdk/models/shared/valuepropertyapiouttype.md
  - docs/sdk/models/shared/valuepropertyapiout.md
  - docs/sdk/models/shared/applicationpropertyapiouttype.md
  - docs/sdk/models/shared/applicationpropertyapiout.md
  - docs/sdk/models/shared/pagemodeloutrecordapiout.md
  - docs/sdk/models/shared/status.md
  - docs/sdk/models/shared/recordapiout.md
  - docs/sdk/models/shared/steppropertyapiouttype.md
  - docs/sdk/models/shared/steppropertyapiout.md
  - docs/sdk/models/shared/fieldrecordapioutfieldtype.md
  - docs/sdk/models/shared/fieldrecordapioutvaluetype.md
  - docs/sdk/models/shared/fieldrecordapiout.md
  - docs/sdk/models/shared/recorddatesapiout.md
  - docs/sdk/models/shared/userpropertyapiout.md
  - docs/sdk/models/shared/stepapioutassignableusertype.md
  - docs/sdk/models/shared/stepapiouttype.md
  - docs/sdk/models/shared/stepapiout.md
  - docs/sdk/models/shared/assignableusertype.md
  - docs/sdk/models/shared/stepapicreatein.md
  - docs/sdk/models/shared/pagemodeloutstepapiout.md
  - docs/sdk/models/shared/stepapiupdateinassignableusertype.md
  - docs/sdk/models/shared/stepapiupdateintype.md
  - docs/sdk/models/shared/stepapiupdatein.md
  - docs/sdk/models/shared/workflowmapapioutrelationship.md
  - docs/sdk/models/shared/workflowmapapiout.md
  - docs/sdk/models/shared/relationship.md
  - docs/sdk/models/shared/workflowmapapicreatein.md
  - docs/sdk/models/shared/pagemodeloutworkflowmapapiout.md
  - docs/sdk/models/shared/workflowmapapiupdateinrelationship.md
  - docs/sdk/models/shared/workflowmapapiupdatein.md
  - docs/sdk/models/shared/workflowapiout.md
  - docs/sdk/models/shared/workflowapicreatein.md
  - docs/sdk/models/shared/pagemodeloutworkflowapiout.md
  - docs/sdk/models/shared/workflowapiupdatein.md
  - docs/sdk/models/shared/security.md
  - docs/sdk/models/shared/schemebasic.md
  - docs/sdks/riskcloudapi/README.md
  - docs/sdks/authentication/README.md
  - docs/sdks/application/README.md
  - docs/sdks/field/README.md
  - docs/sdks/record/README.md
  - docs/sdks/step/README.md
  - docs/sdks/workflowmap/README.md
  - docs/sdks/workflow/README.md
  - USAGE.md
  - .gitattributes
